
Microsoft Visual Studio Solution File, Format Version 12.00
# Visual Studio Version 16
VisualStudioVersion = 16.0.29911.84
MinimumVisualStudioVersion = 10.0.40219.1
Project("{FAE04EC0-301F-11D3-BF4B-00C04F79EFBC}") = "HolaMundo", "HolaMundo\HolaMundo.csproj", "{6E94145C-147B-4B2F-89FC-6FA9D3B0C597}"
EndProject
Global
	GlobalSection(SolutionConfigurationPlatforms) = preSolution
		Debug|Any CPU = Debug|Any CPU
		Release|Any CPU = Release|Any CPU
	EndGlobalSection
	GlobalSection(ProjectConfigurationPlatforms) = postSolution
		{6E94145C-147B-4B2F-89FC-6FA9D3B0C597}.Debug|Any CPU.ActiveCfg = Debug|Any CPU
		{6E94145C-147B-4B2F-89FC-6FA9D3B0C597}.Debug|Any CPU.Build.0 = Debug|Any CPU
		{6E94145C-147B-4B2F-89FC-6FA9D3B0C597}.Release|Any CPU.ActiveCfg = Release|Any CPU
		{6E94145C-147B-4B2F-89FC-6FA9D3B0C597}.Release|Any CPU.Build.0 = Release|Any CPU
	EndGlobalSection
	GlobalSection(SolutionProperties) = preSolution
		HideSolutionNode = FALSE
	EndGlobalSection
	GlobalSection(ExtensibilityGlobals) = postSolution
		SolutionGuid = {DFBD9CA5-3867-46AF-9611-CC7B020F2A5B}
	EndGlobalSection
EndGlobal
